{
  "name": "d2f",
  "lockfileVersion": 2,
  "requires": true,
  "packages": {
    "": {
      "dependencies": {
        "atob": "^2.1.2",
        "ohm-js": "^16.0.0",
        "pako": "^2.0.4"
      }
    },
    "node_modules/atob": {
      "version": "2.1.2",
      "resolved": "https://registry.npmjs.org/atob/-/atob-2.1.2.tgz",
      "integrity": "sha512-Wm6ukoaOGJi/73p/cl2GvLjTI5JM1k/O14isD73YML8StrH/7/lRFgmg8nICZgD3bZZvjwCGxtMOD3wWNAu8cg==",
      "bin": {
        "atob": "bin/atob.js"
      },
      "engines": {
        "node": ">= 4.5.0"
      }
    },
    "node_modules/ohm-js": {
      "version": "16.0.0",
      "resolved": "https://registry.npmjs.org/ohm-js/-/ohm-js-16.0.0.tgz",
      "integrity": "sha512-e0xfOO/OdF3IE+H3VibMlW/wJr5bNJIEa5bnVvoxEjPNTJ6Djjt3seAKHu6CWfByRnJFk5TsiSX3Vz7GWoM0og==",
      "engines": {
        "node": ">=0.12.1"
      }
    },
    "node_modules/pako": {
      "version": "2.0.4",
      "resolved": "https://registry.npmjs.org/pako/-/pako-2.0.4.tgz",
      "integrity": "sha512-v8tweI900AUkZN6heMU/4Uy4cXRc2AYNRggVmTR+dEncawDJgCdLMximOVA2p4qO57WMynangsfGRb5WD6L1Bg=="
    }
  },
  "dependencies": {
    "atob": {
      "version": "2.1.2",
      "resolved": "https://registry.npmjs.org/atob/-/atob-2.1.2.tgz",
      "integrity": "sha512-Wm6ukoaOGJi/73p/cl2GvLjTI5JM1k/O14isD73YML8StrH/7/lRFgmg8nICZgD3bZZvjwCGxtMOD3wWNAu8cg=="
    },
    "ohm-js": {
      "version": "16.0.0",
      "resolved": "https://registry.npmjs.org/ohm-js/-/ohm-js-16.0.0.tgz",
      "integrity": "sha512-e0xfOO/OdF3IE+H3VibMlW/wJr5bNJIEa5bnVvoxEjPNTJ6Djjt3seAKHu6CWfByRnJFk5TsiSX3Vz7GWoM0og=="
    },
    "pako": {
      "version": "2.0.4",
      "resolved": "https://registry.npmjs.org/pako/-/pako-2.0.4.tgz",
      "integrity": "sha512-v8tweI900AUkZN6heMU/4Uy4cXRc2AYNRggVmTR+dEncawDJgCdLMximOVA2p4qO57WMynangsfGRb5WD6L1Bg=="
    }
  }
}
